// !$*UTF8*$!
{
	archiveVersion = 1;
	classes = {
	};
	objectVersion = 77;
	objects = {

/* Begin PBXBuildFile section */
		F178C3B32DD7F5A400B67C9B /* README.md in Resources */ = {isa = PBXBuildFile; fileRef = F178C3B22DD7F5A400B67C9B /* README.md */; };
/* End PBXBuildFile section */

/* Begin PBXContainerItemProxy section */
		F1EAB4C42DD3F15F00DDC41C /* PBXContainerItemProxy */ = {
			isa = PBXContainerItemProxy;
			containerPortal = F1EAB4AD2DD3F15E00DDC41C /* Project object */;
			proxyType = 1;
			remoteGlobalIDString = F1EAB4B42DD3F15E00DDC41C;
			remoteInfo = recipeviewer;
		};
		F1EAB4CE2DD3F15F00DDC41C /* PBXContainerItemProxy */ = {
			isa = PBXContainerItemProxy;
			containerPortal = F1EAB4AD2DD3F15E00DDC41C /* Project object */;
			proxyType = 1;
			remoteGlobalIDString = F1EAB4B42DD3F15E00DDC41C;
			remoteInfo = recipeviewer;
		};
/* End PBXContainerItemProxy section */

/* Begin PBXFileReference section */
		F178C3B22DD7F5A400B67C9B /* README.md */ = {isa = PBXFileReference; lastKnownFileType = net.daringfireball.markdown; path = README.md; sourceTree = "<group>"; };
		F1EAB4B52DD3F15E00DDC41C /* recipeviewer.app */ = {isa = PBXFileReference; explicitFileType = wrapper.application; includeInIndex = 0; path = recipeviewer.app; sourceTree = BUILT_PRODUCTS_DIR; };
		F1EAB4C32DD3F15F00DDC41C /* recipeviewerTests.xctest */ = {isa = PBXFileReference; explicitFileType = wrapper.cfbundle; includeInIndex = 0; path = recipeviewerTests.xctest; sourceTree = BUILT_PRODUCTS_DIR; };
		F1EAB4CD2DD3F15F00DDC41C /* recipeviewerUITests.xctest */ = {isa = PBXFileReference; explicitFileType = wrapper.cfbundle; includeInIndex = 0; path = recipeviewerUITests.xctest; sourceTree = BUILT_PRODUCTS_DIR; };
/* End PBXFileReference section */

/* Begin PBXFileSystemSynchronizedRootGroup section */
		F1EAB4B72DD3F15E00DDC41C /* recipeviewer */ = {
			isa = PBXFileSystemSynchronizedRootGroup;
			path = recipeviewer;
			sourceTree = "<group>";
		};
		F1EAB4C62DD3F15F00DDC41C /* recipeviewerTests */ = {
			isa = PBXFileSystemSynchronizedRootGroup;
			path = recipeviewerTests;
			sourceTree = "<group>";
		};
		F1EAB4D02DD3F15F00DDC41C /* recipeviewerUITests */ = {
			isa = PBXFileSystemSynchronizedRootGroup;
			path = recipeviewerUITests;
			sourceTree = "<group>";
		};
/* End PBXFileSystemSynchronizedRootGroup section */

/* Begin PBXFrameworksBuildPhase section */
		F1EAB4B22DD3F15E00DDC41C /* Frameworks */ = {
			isa = PBXFrameworksBuildPhase;
			buildActionMask = 2147483647;
			files = (
			);
			runOnlyForDeploymentPostprocessing = 0;
		};
		F1EAB4C02DD3F15F00DDC41C /* Frameworks */ = {
			isa = PBXFrameworksBuildPhase;
			buildActionMask = 2147483647;
			files = (
			);
			runOnlyForDeploymentPostprocessing = 0;
		};
		F1EAB4CA2DD3F15F00DDC41C /* Frameworks */ = {
			isa = PBXFrameworksBuildPhase;
			buildActionMask = 2147483647;
			files = (
			);
			runOnlyForDeploymentPostprocessing = 0;
		};
/* End PBXFrameworksBuildPhase section */

/* Begin PBXGroup section */
		F1EAB4AC2DD3F15E00DDC41C = {
			isa = PBXGroup;
			children = (
				F178C3B22DD7F5A400B67C9B /* README.md */,
				F1EAB4B72DD3F15E00DDC41C /* recipeviewer */,
				F1EAB4C62DD3F15F00DDC41C /* recipeviewerTests */,
				F1EAB4D02DD3F15F00DDC41C /* recipeviewerUITests */,
				F1EAB4B62DD3F15E00DDC41C /* Products */,
			);
			sourceTree = "<group>";
		};
		F1EAB4B62DD3F15E00DDC41C /* Products */ = {
			isa = PBXGroup;
			children = (
				F1EAB4B52DD3F15E00DDC41C /* recipeviewer.app */,
				F1EAB4C32DD3F15F00DDC41C /* recipeviewerTests.xctest */,
				F1EAB4CD2DD3F15F00DDC41C /* recipeviewerUITests.xctest */,
			);
			name = Products;
			sourceTree = "<group>";
		};
/* End PBXGroup section */

/* Begin PBXNativeTarget section */
		F1EAB4B42DD3F15E00DDC41C /* recipeviewer */ = {
			isa = PBXNativeTarget;
			buildConfigurationList = F1EAB4D72DD3F15F00DDC41C /* Build configuration list for PBXNativeTarget "recipeviewer" */;
			buildPhases = (
				F1EAB4B12DD3F15E00DDC41C /* Sources */,
				F1EAB4B22DD3F15E00DDC41C /* Frameworks */,
				F1EAB4B32DD3F15E00DDC41C /* Resources */,
			);
			buildRules = (
			);
			dependencies = (
			);
			fileSystemSynchronizedGroups = (
				F1EAB4B72DD3F15E00DDC41C /* recipeviewer */,
			);
			name = recipeviewer;
			packageProductDependencies = (
			);
			productName = recipeviewer;
			productReference = F1EAB4B52DD3F15E00DDC41C /* recipeviewer.app */;
			productType = "com.apple.product-type.application";
		};
		F1EAB4C22DD3F15F00DDC41C /* recipeviewerTests */ = {
			isa = PBXNativeTarget;
			buildConfigurationList = F1EAB4DA2DD3F15F00DDC41C /* Build configuration list for PBXNativeTarget "recipeviewerTests" */;
			buildPhases = (
				F1EAB4BF2DD3F15F00DDC41C /* Sources */,
				F1EAB4C02DD3F15F00DDC41C /* Frameworks */,
				F1EAB4C12DD3F15F00DDC41C /* Resources */,
			);
			buildRules = (
			);
			dependencies = (
				F1EAB4C52DD3F15F00DDC41C /* PBXTargetDependency */,
			);
			fileSystemSynchronizedGroups = (
				F1EAB4C62DD3F15F00DDC41C /* recipeviewerTests */,
			);
			name = recipeviewerTests;
			packageProductDependencies = (
			);
			productName = recipeviewerTests;
			productReference = F1EAB4C32DD3F15F00DDC41C /* recipeviewerTests.xctest */;
			productType = "com.apple.product-type.bundle.unit-test";
		};
		F1EAB4CC2DD3F15F00DDC41C /* recipeviewerUITests */ = {
			isa = PBXNativeTarget;
			buildConfigurationList = F1EAB4DD2DD3F15F00DDC41C /* Build configuration list for PBXNativeTarget "recipeviewerUITests" */;
			buildPhases = (
				F1EAB4C92DD3F15F00DDC41C /* Sources */,
				F1EAB4CA2DD3F15F00DDC41C /* Frameworks */,
				F1EAB4CB2DD3F15F00DDC41C /* Resources */,
			);
			buildRules = (
			);
			dependencies = (
				F1EAB4CF2DD3F15F00DDC41C /* PBXTargetDependency */,
			);
			fileSystemSynchronizedGroups = (
				F1EAB4D02DD3F15F00DDC41C /* recipeviewerUITests */,
			);
			name = recipeviewerUITests;
			packageProductDependencies = (
			);
			productName = recipeviewerUITests;
			productReference = F1EAB4CD2DD3F15F00DDC41C /* recipeviewerUITests.xctest */;
			productType = "com.apple.product-type.bundle.ui-testing";
		};
/* End PBXNativeTarget section */

/* Begin PBXProject section */
		F1EAB4AD2DD3F15E00DDC41C /* Project object */ = {
			isa = PBXProject;
			attributes = {
				BuildIndependentTargetsInParallel = 1;
				LastSwiftUpdateCheck = 1630;
				LastUpgradeCheck = 1630;
				TargetAttributes = {
					F1EAB4B42DD3F15E00DDC41C = {
						CreatedOnToolsVersion = 16.3;
					};
					F1EAB4C22DD3F15F00DDC41C = {
						CreatedOnToolsVersion = 16.3;
						TestTargetID = F1EAB4B42DD3F15E00DDC41C;
					};
					F1EAB4CC2DD3F15F00DDC41C = {
						CreatedOnToolsVersion = 16.3;
						TestTargetID = F1EAB4B42DD3F15E00DDC41C;
					};
				};
			};
			buildConfigurationList = F1EAB4B02DD3F15E00DDC41C /* Build configuration list for PBXProject "recipeviewer" */;
			developmentRegion = en;
			hasScannedForEncodings = 0;
			knownRegions = (
				en,
				Base,
			);
			mainGroup = F1EAB4AC2DD3F15E00DDC41C;
			minimizedProjectReferenceProxies = 1;
			preferredProjectObjectVersion = 77;
			productRefGroup = F1EAB4B62DD3F15E00DDC41C /* Products */;
			projectDirPath = "";
			projectRoot = "";
			targets = (
				F1EAB4B42DD3F15E00DDC41C /* recipeviewer */,
				F1EAB4C22DD3F15F00DDC41C /* recipeviewerTests */,
				F1EAB4CC2DD3F15F00DDC41C /* recipeviewerUITests */,
			);
		};
/* End PBXProject section */

/* Begin PBXResourcesBuildPhase section */
		F1EAB4B32DD3F15E00DDC41C /* Resources */ = {
			isa = PBXResourcesBuildPhase;
			buildActionMask = 2147483647;
			files = (
				F178C3B32DD7F5A400B67C9B /* README.md in Resources */,
			);
			runOnlyForDeploymentPostprocessing = 0;
		};
		F1EAB4C12DD3F15F00DDC41C /* Resources */ = {
			isa = PBXResourcesBuildPhase;
			buildActionMask = 2147483647;
			files = (
			);
			runOnlyForDeploymentPostprocessing = 0;
		};
		F1EAB4CB2DD3F15F00DDC41C /* Resources */ = {
			isa = PBXResourcesBuildPhase;
			buildActionMask = 2147483647;
			files = (
			);
			runOnlyForDeploymentPostprocessing = 0;
		};
/* End PBXResourcesBuildPhase section */

/* Begin PBXSourcesBuildPhase section */
		F1EAB4B12DD3F15E00DDC41C /* Sources */ = {
			isa = PBXSourcesBuildPhase;
			buildActionMask = 2147483647;
			files = (
			);
			runOnlyForDeploymentPostprocessing = 0;
		};
		F1EAB4BF2DD3F15F00DDC41C /* Sources */ = {
			isa = PBXSourcesBuildPhase;
			buildActionMask = 2147483647;
			files = (
			);
			runOnlyForDeploymentPostprocessing = 0;
		};
		F1EAB4C92DD3F15F00DDC41C /* Sources */ = {
			isa = PBXSourcesBuildPhase;
			buildActionMask = 2147483647;
			files = (
			);
			runOnlyForDeploymentPostprocessing = 0;
		};
/* End PBXSourcesBuildPhase section */

/* Begin PBXTargetDependency section */
		F1EAB4C52DD3F15F00DDC41C /* PBXTargetDependency */ = {
			isa = PBXTargetDependency;
			target = F1EAB4B42DD3F15E00DDC41C /* recipeviewer */;
			targetProxy = F1EAB4C42DD3F15F00DDC41C /* PBXContainerItemProxy */;
		};
		F1EAB4CF2DD3F15F00DDC41C /* PBXTargetDependency */ = {
			isa = PBXTargetDependency;
			target = F1EAB4B42DD3F15E00DDC41C /* recipeviewer */;
			targetProxy = F1EAB4CE2DD3F15F00DDC41C /* PBXContainerItemProxy */;
		};
/* End PBXTargetDependency section */

/* Begin XCBuildConfiguration section */
		F1EAB4D52DD3F15F00DDC41C /* Debug */ = {
			isa = XCBuildConfiguration;
			buildSettings = {
				ALWAYS_SEARCH_USER_PATHS = NO;
				ASSETCATALOG_COMPILER_GENERATE_SWIFT_ASSET_SYMBOL_EXTENSIONS = YES;
				CLANG_ANALYZER_NONNULL = YES;
				CLANG_ANALYZER_NUMBER_OBJECT_CONVERSION = YES_AGGRESSIVE;
				CLANG_CXX_LANGUAGE_STANDARD = "gnu++20";
				CLANG_ENABLE_MODULES = YES;
				CLANG_ENABLE_OBJC_ARC = YES;
				CLANG_ENABLE_OBJC_WEAK = YES;
				CLANG_WARN_BLOCK_CAPTURE_AUTORELEASING = YES;
				CLANG_WARN_BOOL_CONVERSION = YES;
				CLANG_WARN_COMMA = YES;
				CLANG_WARN_CONSTANT_CONVERSION = YES;
				CLANG_WARN_DEPRECATED_OBJC_IMPLEMENTATIONS = YES;
				CLANG_WARN_DIRECT_OBJC_ISA_USAGE = YES_ERROR;
				CLANG_WARN_DOCUMENTATION_COMMENTS = YES;
				CLANG_WARN_EMPTY_BODY = YES;
				CLANG_WARN_ENUM_CONVERSION = YES;
				CLANG_WARN_INFINITE_RECURSION = YES;
				CLANG_WARN_INT_CONVERSION = YES;
				CLANG_WARN_NON_LITERAL_NULL_CONVERSION = YES;
				CLANG_WARN_OBJC_IMPLICIT_RETAIN_SELF = YES;
				CLANG_WARN_OBJC_LITERAL_CONVERSION = YES;
				CLANG_WARN_OBJC_ROOT_CLASS = YES_ERROR;
				CLANG_WARN_QUOTED_INCLUDE_IN_FRAMEWORK_HEADER = YES;
				CLANG_WARN_RANGE_LOOP_ANALYSIS = YES;
				CLANG_WARN_STRICT_PROTOTYPES = YES;
				CLANG_WARN_SUSPICIOUS_MOVE = YES;
				CLANG_WARN_UNGUARDED_AVAILABILITY = YES_AGGRESSIVE;
				CLANG_WARN_UNREACHABLE_CODE = YES;
				CLANG_WARN__DUPLICATE_METHOD_MATCH = YES;
				COPY_PHASE_STRIP = NO;
				DEBUG_INFORMATION_FORMAT = dwarf;
				DEVELOPMENT_TEAM = D2P5TN7NL8;
				ENABLE_STRICT_OBJC_MSGSEND = YES;
				ENABLE_TESTABILITY = YES;
				ENABLE_USER_SCRIPT_SANDBOXING = YES;
				GCC_C_LANGUAGE_STANDARD = gnu17;
				GCC_DYNAMIC_NO_PIC = NO;
				GCC_NO_COMMON_BLOCKS = YES;
				GCC_OPTIMIZATION_LEVEL = 0;
				GCC_PREPROCESSOR_DEFINITIONS = (
					"DEBUG=1",
					"$(inherited)",
				);
				GCC_WARN_64_TO_32_BIT_CONVERSION = YES;
				GCC_WARN_ABOUT_RETURN_TYPE = YES_ERROR;
				GCC_WARN_UNDECLARED_SELECTOR = YES;
				GCC_WARN_UNINITIALIZED_AUTOS = YES_AGGRESSIVE;
				GCC_WARN_UNUSED_FUNCTION = YES;
				GCC_WARN_UNUSED_VARIABLE = YES;
				LOCALIZATION_PREFERS_STRING_CATALOGS = YES;
				MTL_ENABLE_DEBUG_INFO = INCLUDE_SOURCE;
				MTL_FAST_MATH = YES;
				ONLY_ACTIVE_ARCH = YES;
				SWIFT_ACTIVE_COMPILATION_CONDITIONS = "DEBUG $(inherited)";
				SWIFT_OPTIMIZATION_LEVEL = "-Onone";
			};
			name = Debug;
		};
		F1EAB4D62DD3F15F00DDC41C /* Release */ = {
			isa = XCBuildConfiguration;
			buildSettings = {
				ALWAYS_SEARCH_USER_PATHS = NO;
				ASSETCATALOG_COMPILER_GENERATE_SWIFT_ASSET_SYMBOL_EXTENSIONS = YES;
				CLANG_ANALYZER_NONNULL = YES;
				CLANG_ANALYZER_NUMBER_OBJECT_CONVERSION = YES_AGGRESSIVE;
				CLANG_CXX_LANGUAGE_STANDARD = "gnu++20";
				CLANG_ENABLE_MODULES = YES;
				CLANG_ENABLE_OBJC_ARC = YES;
				CLANG_ENABLE_OBJC_WEAK = YES;
				CLANG_WARN_BLOCK_CAPTURE_AUTORELEASING = YES;
				CLANG_WARN_BOOL_CONVERSION = YES;
				CLANG_WARN_COMMA = YES;
				CLANG_WARN_CONSTANT_CONVERSION = YES;
				CLANG_WARN_DEPRECATED_OBJC_IMPLEMENTATIONS = YES;
				CLANG_WARN_DIRECT_OBJC_ISA_USAGE = YES_ERROR;
				CLANG_WARN_DOCUMENTATION_COMMENTS = YES;
				CLANG_WARN_EMPTY_BODY = YES;
				CLANG_WARN_ENUM_CONVERSION = YES;
				CLANG_WARN_INFINITE_RECURSION = YES;
				CLANG_WARN_INT_CONVERSION = YES;
				CLANG_WARN_NON_LITERAL_NULL_CONVERSION = YES;
				CLANG_WARN_OBJC_IMPLICIT_RETAIN_SELF = YES;
				CLANG_WARN_OBJC_LITERAL_CONVERSION = YES;
				CLANG_WARN_OBJC_ROOT_CLASS = YES_ERROR;
				CLANG_WARN_QUOTED_INCLUDE_IN_FRAMEWORK_HEADER = YES;
				CLANG_WARN_RANGE_LOOP_ANALYSIS = YES;
				CLANG_WARN_STRICT_PROTOTYPES = YES;
				CLANG_WARN_SUSPICIOUS_MOVE = YES;
				CLANG_WARN_UNGUARDED_AVAILABILITY = YES_AGGRESSIVE;
				CLANG_WARN_UNREACHABLE_CODE = YES;
				CLANG_WARN__DUPLICATE_METHOD_MATCH = YES;
				COPY_PHASE_STRIP = NO;
				DEBUG_INFORMATION_FORMAT = "dwarf-with-dsym";
				DEVELOPMENT_TEAM = D2P5TN7NL8;
				ENABLE_NS_ASSERTIONS = NO;
				ENABLE_STRICT_OBJC_MSGSEND = YES;
				ENABLE_USER_SCRIPT_SANDBOXING = YES;
				GCC_C_LANGUAGE_STANDARD = gnu17;
				GCC_NO_COMMON_BLOCKS = YES;
				GCC_WARN_64_TO_32_BIT_CONVERSION = YES;
				GCC_WARN_ABOUT_RETURN_TYPE = YES_ERROR;
				GCC_WARN_UNDECLARED_SELECTOR = YES;
				GCC_WARN_UNINITIALIZED_AUTOS = YES_AGGRESSIVE;
				GCC_WARN_UNUSED_FUNCTION = YES;
				GCC_WARN_UNUSED_VARIABLE = YES;
				LOCALIZATION_PREFERS_STRING_CATALOGS = YES;
				MTL_ENABLE_DEBUG_INFO = NO;
				MTL_FAST_MATH = YES;
				SWIFT_COMPILATION_MODE = wholemodule;
			};
			name = Release;
		};
		F1EAB4D82DD3F15F00DDC41C /* Debug */ = {
			isa = XCBuildConfiguration;
			buildSettings = {
				ASSETCATALOG_COMPILER_APPICON_NAME = AppIcon;
				ASSETCATALOG_COMPILER_GLOBAL_ACCENT_COLOR_NAME = AccentColor;
				CODE_SIGN_ENTITLEMENTS = recipeviewer/recipeviewer.entitlements;
				CODE_SIGN_STYLE = Automatic;
				CURRENT_PROJECT_VERSION = 1;
				DEVELOPMENT_TEAM = D2P5TN7NL8;
				ENABLE_HARDENED_RUNTIME = YES;
				ENABLE_PREVIEWS = YES;
				GENERATE_INFOPLIST_FILE = YES;
				"INFOPLIST_KEY_UIApplicationSceneManifest_Generation[sdk=iphoneos*]" = YES;
				"INFOPLIST_KEY_UIApplicationSceneManifest_Generation[sdk=iphonesimulator*]" = YES;
				"INFOPLIST_KEY_UIApplicationSupportsIndirectInputEvents[sdk=iphoneos*]" = YES;
				"INFOPLIST_KEY_UIApplicationSupportsIndirectInputEvents[sdk=iphonesimulator*]" = YES;
				"INFOPLIST_KEY_UILaunchScreen_Generation[sdk=iphoneos*]" = YES;
				"INFOPLIST_KEY_UILaunchScreen_Generation[sdk=iphonesimulator*]" = YES;
				"INFOPLIST_KEY_UIStatusBarStyle[sdk=iphoneos*]" = UIStatusBarStyleDefault;
				"INFOPLIST_KEY_UIStatusBarStyle[sdk=iphonesimulator*]" = UIStatusBarStyleDefault;
				INFOPLIST_KEY_UISupportedInterfaceOrientations_iPad = "UIInterfaceOrientationPortrait UIInterfaceOrientationPortraitUpsideDown UIInterfaceOrientationLandscapeLeft UIInterfaceOrientationLandscapeRight";
				INFOPLIST_KEY_UISupportedInterfaceOrientations_iPhone = "UIInterfaceOrientationPortrait UIInterfaceOrientationLandscapeLeft UIInterfaceOrientationLandscapeRight";
				IPHONEOS_DEPLOYMENT_TARGET = 18.4;
				LD_RUNPATH_SEARCH_PATHS = "@executable_path/Frameworks";
				"LD_RUNPATH_SEARCH_PATHS[sdk=macosx*]" = "@executable_path/../Frameworks";
				MACOSX_DEPLOYMENT_TARGET = 15.4;
				MARKETING_VERSION = 1.0;
				PRODUCT_BUNDLE_IDENTIFIER = mswendell.recipeviewer;
				PRODUCT_NAME = "$(TARGET_NAME)";
				REGISTER_APP_GROUPS = YES;
				SDKROOT = auto;
				SUPPORTED_PLATFORMS = "iphoneos iphonesimulator macosx xros xrsimulator";
				SWIFT_EMIT_LOC_STRINGS = YES;
				SWIFT_VERSION = 5.0;
				TARGETED_DEVICE_FAMILY = "1,2,7";
				XROS_DEPLOYMENT_TARGET = 2.4;
			};
			name = Debug;
		};
		F1EAB4D92DD3F15F00DDC41C /* Release */ = {
			isa = XCBuildConfiguration;
			buildSettings = {
				ASSETCATALOG_COMPILER_APPICON_NAME = AppIcon;
				ASSETCATALOG_COMPILER_GLOBAL_ACCENT_COLOR_NAME = AccentColor;
				CODE_SIGN_ENTITLEMENTS = recipeviewer/recipeviewer.entitlements;
				CODE_SIGN_STYLE = Automatic;
				CURRENT_PROJECT_VERSION = 1;
				DEVELOPMENT_TEAM = D2P5TN7NL8;
				ENABLE_HARDENED_RUNTIME = YES;
				ENABLE_PREVIEWS = YES;
				GENERATE_INFOPLIST_FILE = YES;
				"INFOPLIST_KEY_UIApplicationSceneManifest_Generation[sdk=iphoneos*]" = YES;
				"INFOPLIST_KEY_UIApplicationSceneManifest_Generation[sdk=iphonesimulator*]" = YES;
				"INFOPLIST_KEY_UIApplicationSupportsIndirectInputEvents[sdk=iphoneos*]" = YES;
				"INFOPLIST_KEY_UIApplicationSupportsIndirectInputEvents[sdk=iphonesimulator*]" = YES;
				"INFOPLIST_KEY_UILaunchScreen_Generation[sdk=iphoneos*]" = YES;
				"INFOPLIST_KEY_UILaunchScreen_Generation[sdk=iphonesimulator*]" = YES;
				"INFOPLIST_KEY_UIStatusBarStyle[sdk=iphoneos*]" = UIStatusBarStyleDefault;
				"INFOPLIST_KEY_UIStatusBarStyle[sdk=iphonesimulator*]" = UIStatusBarStyleDefault;
				INFOPLIST_KEY_UISupportedInterfaceOrientations_iPad = "UIInterfaceOrientationPortrait UIInterfaceOrientationPortraitUpsideDown UIInterfaceOrientationLandscapeLeft UIInterfaceOrientationLandscapeRight";
				INFOPLIST_KEY_UISupportedInterfaceOrientations_iPhone = "UIInterfaceOrientationPortrait UIInterfaceOrientationLandscapeLeft UIInterfaceOrientationLandscapeRight";
				IPHONEOS_DEPLOYMENT_TARGET = 18.4;
				LD_RUNPATH_SEARCH_PATHS = "@executable_path/Frameworks";
				"LD_RUNPATH_SEARCH_PATHS[sdk=macosx*]" = "@executable_path/../Frameworks";
				MACOSX_DEPLOYMENT_TARGET = 15.4;
				MARKETING_VERSION = 1.0;
				PRODUCT_BUNDLE_IDENTIFIER = mswendell.recipeviewer;
				PRODUCT_NAME = "$(TARGET_NAME)";
				REGISTER_APP_GROUPS = YES;
				SDKROOT = auto;
				SUPPORTED_PLATFORMS = "iphoneos iphonesimulator macosx xros xrsimulator";
				SWIFT_EMIT_LOC_STRINGS = YES;
				SWIFT_VERSION = 5.0;
				TARGETED_DEVICE_FAMILY = "1,2,7";
				XROS_DEPLOYMENT_TARGET = 2.4;
			};
			name = Release;
		};
		F1EAB4DB2DD3F15F00DDC41C /* Debug */ = {
			isa = XCBuildConfiguration;
			buildSettings = {
				BUNDLE_LOADER = "$(TEST_HOST)";
				CODE_SIGN_STYLE = Automatic;
				CURRENT_PROJECT_VERSION = 1;
				DEVELOPMENT_TEAM = D2P5TN7NL8;
				GENERATE_INFOPLIST_FILE = YES;
				IPHONEOS_DEPLOYMENT_TARGET = 18.4;
				MACOSX_DEPLOYMENT_TARGET = 15.4;
				MARKETING_VERSION = 1.0;
				PRODUCT_BUNDLE_IDENTIFIER = mswendell.recipeviewerTests;
				PRODUCT_NAME = "$(TARGET_NAME)";
				SDKROOT = auto;
				SUPPORTED_PLATFORMS = "iphoneos iphonesimulator macosx xros xrsimulator";
				SWIFT_EMIT_LOC_STRINGS = NO;
				SWIFT_VERSION = 5.0;
				TARGETED_DEVICE_FAMILY = "1,2,7";
				TEST_HOST = "$(BUILT_PRODUCTS_DIR)/recipeviewer.app/$(BUNDLE_EXECUTABLE_FOLDER_PATH)/recipeviewer";
				XROS_DEPLOYMENT_TARGET = 2.4;
			};
			name = Debug;
		};
		F1EAB4DC2DD3F15F00DDC41C /* Release */ = {
			isa = XCBuildConfiguration;
			buildSettings = {
				BUNDLE_LOADER = "$(TEST_HOST)";
				CODE_SIGN_STYLE = Automatic;
				CURRENT_PROJECT_VERSION = 1;
				DEVELOPMENT_TEAM = D2P5TN7NL8;
				GENERATE_INFOPLIST_FILE = YES;
				IPHONEOS_DEPLOYMENT_TARGET = 18.4;
				MACOSX_DEPLOYMENT_TARGET = 15.4;
				MARKETING_VERSION = 1.0;
				PRODUCT_BUNDLE_IDENTIFIER = mswendell.recipeviewerTests;
				PRODUCT_NAME = "$(TARGET_NAME)";
				SDKROOT = auto;
				SUPPORTED_PLATFORMS = "iphoneos iphonesimulator macosx xros xrsimulator";
				SWIFT_EMIT_LOC_STRINGS = NO;
				SWIFT_VERSION = 5.0;
				TARGETED_DEVICE_FAMILY = "1,2,7";
				TEST_HOST = "$(BUILT_PRODUCTS_DIR)/recipeviewer.app/$(BUNDLE_EXECUTABLE_FOLDER_PATH)/recipeviewer";
				XROS_DEPLOYMENT_TARGET = 2.4;
			};
			name = Release;
		};
		F1EAB4DE2DD3F15F00DDC41C /* Debug */ = {
			isa = XCBuildConfiguration;
			buildSettings = {
				CODE_SIGN_STYLE = Automatic;
				CURRENT_PROJECT_VERSION = 1;
				DEVELOPMENT_TEAM = D2P5TN7NL8;
				GENERATE_INFOPLIST_FILE = YES;
				IPHONEOS_DEPLOYMENT_TARGET = 18.4;
				MACOSX_DEPLOYMENT_TARGET = 15.4;
				MARKETING_VERSION = 1.0;
				PRODUCT_BUNDLE_IDENTIFIER = mswendell.recipeviewerUITests;
				PRODUCT_NAME = "$(TARGET_NAME)";
				SDKROOT = auto;
				SUPPORTED_PLATFORMS = "iphoneos iphonesimulator macosx xros xrsimulator";
				SWIFT_EMIT_LOC_STRINGS = NO;
				SWIFT_VERSION = 5.0;
				TARGETED_DEVICE_FAMILY = "1,2,7";
				TEST_TARGET_NAME = recipeviewer;
				XROS_DEPLOYMENT_TARGET = 2.4;
			};
			name = Debug;
		};
		F1EAB4DF2DD3F15F00DDC41C /* Release */ = {
			isa = XCBuildConfiguration;
			buildSettings = {
				CODE_SIGN_STYLE = Automatic;
				CURRENT_PROJECT_VERSION = 1;
				DEVELOPMENT_TEAM = D2P5TN7NL8;
				GENERATE_INFOPLIST_FILE = YES;
				IPHONEOS_DEPLOYMENT_TARGET = 18.4;
				MACOSX_DEPLOYMENT_TARGET = 15.4;
				MARKETING_VERSION = 1.0;
				PRODUCT_BUNDLE_IDENTIFIER = mswendell.recipeviewerUITests;
				PRODUCT_NAME = "$(TARGET_NAME)";
				SDKROOT = auto;
				SUPPORTED_PLATFORMS = "iphoneos iphonesimulator macosx xros xrsimulator";
				SWIFT_EMIT_LOC_STRINGS = NO;
				SWIFT_VERSION = 5.0;
				TARGETED_DEVICE_FAMILY = "1,2,7";
				TEST_TARGET_NAME = recipeviewer;
				XROS_DEPLOYMENT_TARGET = 2.4;
			};
			name = Release;
		};
/* End XCBuildConfiguration section */

/* Begin XCConfigurationList section */
		F1EAB4B02DD3F15E00DDC41C /* Build configuration list for PBXProject "recipeviewer" */ = {
			isa = XCConfigurationList;
			buildConfigurations = (
				F1EAB4D52DD3F15F00DDC41C /* Debug */,
				F1EAB4D62DD3F15F00DDC41C /* Release */,
			);
			defaultConfigurationIsVisible = 0;
			defaultConfigurationName = Release;
		};
		F1EAB4D72DD3F15F00DDC41C /* Build configuration list for PBXNativeTarget "recipeviewer" */ = {
			isa = XCConfigurationList;
			buildConfigurations = (
				F1EAB4D82DD3F15F00DDC41C /* Debug */,
				F1EAB4D92DD3F15F00DDC41C /* Release */,
			);
			defaultConfigurationIsVisible = 0;
			defaultConfigurationName = Release;
		};
		F1EAB4DA2DD3F15F00DDC41C /* Build configuration list for PBXNativeTarget "recipeviewerTests" */ = {
			isa = XCConfigurationList;
			buildConfigurations = (
				F1EAB4DB2DD3F15F00DDC41C /* Debug */,
				F1EAB4DC2DD3F15F00DDC41C /* Release */,
			);
			defaultConfigurationIsVisible = 0;
			defaultConfigurationName = Release;
		};
		F1EAB4DD2DD3F15F00DDC41C /* Build configuration list for PBXNativeTarget "recipeviewerUITests" */ = {
			isa = XCConfigurationList;
			buildConfigurations = (
				F1EAB4DE2DD3F15F00DDC41C /* Debug */,
				F1EAB4DF2DD3F15F00DDC41C /* Release */,
			);
			defaultConfigurationIsVisible = 0;
			defaultConfigurationName = Release;
		};
/* End XCConfigurationList section */
	};
	rootObject = F1EAB4AD2DD3F15E00DDC41C /* Project object */;
}
